
Microsoft Visual Studio Solution File, Format Version 12.00
# Visual Studio Version 16
VisualStudioVersion = 16.0.31829.152
MinimumVisualStudioVersion = 10.0.40219.1
Project("{FAE04EC0-301F-11D3-BF4B-00C04F79EFBC}") = "Practice_7G", "Practice_7G\Practice_7G.csproj", "{D1FA5E19-46A3-45C4-A1CF-2C3662728BE8}"
EndProject
Global
	GlobalSection(SolutionConfigurationPlatforms) = preSolution
		Debug|Any CPU = Debug|Any CPU
		Release|Any CPU = Release|Any CPU
	EndGlobalSection
	GlobalSection(ProjectConfigurationPlatforms) = postSolution
		{D1FA5E19-46A3-45C4-A1CF-2C3662728BE8}.Debug|Any CPU.ActiveCfg = Debug|Any CPU
		{D1FA5E19-46A3-45C4-A1CF-2C3662728BE8}.Debug|Any CPU.Build.0 = Debug|Any CPU
		{D1FA5E19-46A3-45C4-A1CF-2C3662728BE8}.Release|Any CPU.ActiveCfg = Release|Any CPU
		{D1FA5E19-46A3-45C4-A1CF-2C3662728BE8}.Release|Any CPU.Build.0 = Release|Any CPU
	EndGlobalSection
	GlobalSection(SolutionProperties) = preSolution
		HideSolutionNode = FALSE
	EndGlobalSection
	GlobalSection(ExtensibilityGlobals) = postSolution
		SolutionGuid = {2136A93A-052B-4E4C-A225-78E0BE542478}
	EndGlobalSection
EndGlobal
